
Microsoft Visual Studio Solution File, Format Version 12.00
# Visual Studio Version 16
VisualStudioVersion = 16.0.30114.105
MinimumVisualStudioVersion = 10.0.40219.1
Project("{FAE04EC0-301F-11D3-BF4B-00C04F79EFBC}") = "application", "Api.Application\application.csproj", "{DD036329-D957-4223-B9E2-E41FE4C8AC1A}"
EndProject
Project("{FAE04EC0-301F-11D3-BF4B-00C04F79EFBC}") = "Domain", "Api.Domain\Domain.csproj", "{C75072A9-BC0E-4B18-80D2-C924C9FE7614}"
EndProject
Project("{FAE04EC0-301F-11D3-BF4B-00C04F79EFBC}") = "CrossCutting", "Api.CrossCutting\CrossCutting.csproj", "{3264D4CA-12AF-4F2C-AD82-EC86B3C28F82}"
EndProject
Project("{FAE04EC0-301F-11D3-BF4B-00C04F79EFBC}") = "Data", "Api.Data\Data.csproj", "{E8FAA109-3D69-43A0-B1B1-69524878EA26}"
EndProject
Project("{FAE04EC0-301F-11D3-BF4B-00C04F79EFBC}") = "Service", "Api.Service\Service.csproj", "{6A55D8F9-9D96-4295-ACA1-52FEAD81A5D7}"
EndProject
Project("{FAE04EC0-301F-11D3-BF4B-00C04F79EFBC}") = "Api.Data.Test", "Api.Data.Test\Api.Data.Test.csproj", "{8E569868-7EB3-46A1-8628-48F5CBB633D0}"
EndProject
Project("{FAE04EC0-301F-11D3-BF4B-00C04F79EFBC}") = "Api.Service.Test", "Api.Service.Test\Api.Service.Test.csproj", "{80FA76ED-25D5-4FC1-9DF8-0BF93CC9241D}"
EndProject
Project("{FAE04EC0-301F-11D3-BF4B-00C04F79EFBC}") = "Api.Application.Test", "Api.Application.Test\Api.Application.Test.csproj", "{FAF2AD2E-52F8-462C-AE77-06419D954419}"
EndProject
Project("{FAE04EC0-301F-11D3-BF4B-00C04F79EFBC}") = "Api.Integration.Test", "Api.Integration.Test\Api.Integration.Test.csproj", "{835053F5-D2E4-4997-85E4-5091F2698128}"
EndProject
Global
	GlobalSection(SolutionConfigurationPlatforms) = preSolution
		Debug|Any CPU = Debug|Any CPU
		Debug|x64 = Debug|x64
		Debug|x86 = Debug|x86
		Release|Any CPU = Release|Any CPU
		Release|x64 = Release|x64
		Release|x86 = Release|x86
	EndGlobalSection
	GlobalSection(SolutionProperties) = preSolution
		HideSolutionNode = FALSE
	EndGlobalSection
	GlobalSection(ProjectConfigurationPlatforms) = postSolution
		{DD036329-D957-4223-B9E2-E41FE4C8AC1A}.Debug|Any CPU.ActiveCfg = Debug|Any CPU
		{DD036329-D957-4223-B9E2-E41FE4C8AC1A}.Debug|Any CPU.Build.0 = Debug|Any CPU
		{DD036329-D957-4223-B9E2-E41FE4C8AC1A}.Debug|x64.ActiveCfg = Debug|Any CPU
		{DD036329-D957-4223-B9E2-E41FE4C8AC1A}.Debug|x64.Build.0 = Debug|Any CPU
		{DD036329-D957-4223-B9E2-E41FE4C8AC1A}.Debug|x86.ActiveCfg = Debug|Any CPU
		{DD036329-D957-4223-B9E2-E41FE4C8AC1A}.Debug|x86.Build.0 = Debug|Any CPU
		{DD036329-D957-4223-B9E2-E41FE4C8AC1A}.Release|Any CPU.ActiveCfg = Release|Any CPU
		{DD036329-D957-4223-B9E2-E41FE4C8AC1A}.Release|Any CPU.Build.0 = Release|Any CPU
		{DD036329-D957-4223-B9E2-E41FE4C8AC1A}.Release|x64.ActiveCfg = Release|Any CPU
		{DD036329-D957-4223-B9E2-E41FE4C8AC1A}.Release|x64.Build.0 = Release|Any CPU
		{DD036329-D957-4223-B9E2-E41FE4C8AC1A}.Release|x86.ActiveCfg = Release|Any CPU
		{DD036329-D957-4223-B9E2-E41FE4C8AC1A}.Release|x86.Build.0 = Release|Any CPU
		{C75072A9-BC0E-4B18-80D2-C924C9FE7614}.Debug|Any CPU.ActiveCfg = Debug|Any CPU
		{C75072A9-BC0E-4B18-80D2-C924C9FE7614}.Debug|Any CPU.Build.0 = Debug|Any CPU
		{C75072A9-BC0E-4B18-80D2-C924C9FE7614}.Debug|x64.ActiveCfg = Debug|Any CPU
		{C75072A9-BC0E-4B18-80D2-C924C9FE7614}.Debug|x64.Build.0 = Debug|Any CPU
		{C75072A9-BC0E-4B18-80D2-C924C9FE7614}.Debug|x86.ActiveCfg = Debug|Any CPU
		{C75072A9-BC0E-4B18-80D2-C924C9FE7614}.Debug|x86.Build.0 = Debug|Any CPU
		{C75072A9-BC0E-4B18-80D2-C924C9FE7614}.Release|Any CPU.ActiveCfg = Release|Any CPU
		{C75072A9-BC0E-4B18-80D2-C924C9FE7614}.Release|Any CPU.Build.0 = Release|Any CPU
		{C75072A9-BC0E-4B18-80D2-C924C9FE7614}.Release|x64.ActiveCfg = Release|Any CPU
		{C75072A9-BC0E-4B18-80D2-C924C9FE7614}.Release|x64.Build.0 = Release|Any CPU
		{C75072A9-BC0E-4B18-80D2-C924C9FE7614}.Release|x86.ActiveCfg = Release|Any CPU
		{C75072A9-BC0E-4B18-80D2-C924C9FE7614}.Release|x86.Build.0 = Release|Any CPU
		{3264D4CA-12AF-4F2C-AD82-EC86B3C28F82}.Debug|Any CPU.ActiveCfg = Debug|Any CPU
		{3264D4CA-12AF-4F2C-AD82-EC86B3C28F82}.Debug|Any CPU.Build.0 = Debug|Any CPU
		{3264D4CA-12AF-4F2C-AD82-EC86B3C28F82}.Debug|x64.ActiveCfg = Debug|Any CPU
		{3264D4CA-12AF-4F2C-AD82-EC86B3C28F82}.Debug|x64.Build.0 = Debug|Any CPU
		{3264D4CA-12AF-4F2C-AD82-EC86B3C28F82}.Debug|x86.ActiveCfg = Debug|Any CPU
		{3264D4CA-12AF-4F2C-AD82-EC86B3C28F82}.Debug|x86.Build.0 = Debug|Any CPU
		{3264D4CA-12AF-4F2C-AD82-EC86B3C28F82}.Release|Any CPU.ActiveCfg = Release|Any CPU
		{3264D4CA-12AF-4F2C-AD82-EC86B3C28F82}.Release|Any CPU.Build.0 = Release|Any CPU
		{3264D4CA-12AF-4F2C-AD82-EC86B3C28F82}.Release|x64.ActiveCfg = Release|Any CPU
		{3264D4CA-12AF-4F2C-AD82-EC86B3C28F82}.Release|x64.Build.0 = Release|Any CPU
		{3264D4CA-12AF-4F2C-AD82-EC86B3C28F82}.Release|x86.ActiveCfg = Release|Any CPU
		{3264D4CA-12AF-4F2C-AD82-EC86B3C28F82}.Release|x86.Build.0 = Release|Any CPU
		{E8FAA109-3D69-43A0-B1B1-69524878EA26}.Debug|Any CPU.ActiveCfg = Debug|Any CPU
		{E8FAA109-3D69-43A0-B1B1-69524878EA26}.Debug|Any CPU.Build.0 = Debug|Any CPU
		{E8FAA109-3D69-43A0-B1B1-69524878EA26}.Debug|x64.ActiveCfg = Debug|Any CPU
		{E8FAA109-3D69-43A0-B1B1-69524878EA26}.Debug|x64.Build.0 = Debug|Any CPU
		{E8FAA109-3D69-43A0-B1B1-69524878EA26}.Debug|x86.ActiveCfg = Debug|Any CPU
		{E8FAA109-3D69-43A0-B1B1-69524878EA26}.Debug|x86.Build.0 = Debug|Any CPU
		{E8FAA109-3D69-43A0-B1B1-69524878EA26}.Release|Any CPU.ActiveCfg = Release|Any CPU
		{E8FAA109-3D69-43A0-B1B1-69524878EA26}.Release|Any CPU.Build.0 = Release|Any CPU
		{E8FAA109-3D69-43A0-B1B1-69524878EA26}.Release|x64.ActiveCfg = Release|Any CPU
		{E8FAA109-3D69-43A0-B1B1-69524878EA26}.Release|x64.Build.0 = Release|Any CPU
		{E8FAA109-3D69-43A0-B1B1-69524878EA26}.Release|x86.ActiveCfg = Release|Any CPU
		{E8FAA109-3D69-43A0-B1B1-69524878EA26}.Release|x86.Build.0 = Release|Any CPU
		{6A55D8F9-9D96-4295-ACA1-52FEAD81A5D7}.Debug|Any CPU.ActiveCfg = Debug|Any CPU
		{6A55D8F9-9D96-4295-ACA1-52FEAD81A5D7}.Debug|Any CPU.Build.0 = Debug|Any CPU
		{6A55D8F9-9D96-4295-ACA1-52FEAD81A5D7}.Debug|x64.ActiveCfg = Debug|Any CPU
		{6A55D8F9-9D96-4295-ACA1-52FEAD81A5D7}.Debug|x64.Build.0 = Debug|Any CPU
		{6A55D8F9-9D96-4295-ACA1-52FEAD81A5D7}.Debug|x86.ActiveCfg = Debug|Any CPU
		{6A55D8F9-9D96-4295-ACA1-52FEAD81A5D7}.Debug|x86.Build.0 = Debug|Any CPU
		{6A55D8F9-9D96-4295-ACA1-52FEAD81A5D7}.Release|Any CPU.ActiveCfg = Release|Any CPU
		{6A55D8F9-9D96-4295-ACA1-52FEAD81A5D7}.Release|Any CPU.Build.0 = Release|Any CPU
		{6A55D8F9-9D96-4295-ACA1-52FEAD81A5D7}.Release|x64.ActiveCfg = Release|Any CPU
		{6A55D8F9-9D96-4295-ACA1-52FEAD81A5D7}.Release|x64.Build.0 = Release|Any CPU
		{6A55D8F9-9D96-4295-ACA1-52FEAD81A5D7}.Release|x86.ActiveCfg = Release|Any CPU
		{6A55D8F9-9D96-4295-ACA1-52FEAD81A5D7}.Release|x86.Build.0 = Release|Any CPU
		{8E569868-7EB3-46A1-8628-48F5CBB633D0}.Debug|Any CPU.ActiveCfg = Debug|Any CPU
		{8E569868-7EB3-46A1-8628-48F5CBB633D0}.Debug|Any CPU.Build.0 = Debug|Any CPU
		{8E569868-7EB3-46A1-8628-48F5CBB633D0}.Debug|x64.ActiveCfg = Debug|Any CPU
		{8E569868-7EB3-46A1-8628-48F5CBB633D0}.Debug|x64.Build.0 = Debug|Any CPU
		{8E569868-7EB3-46A1-8628-48F5CBB633D0}.Debug|x86.ActiveCfg = Debug|Any CPU
		{8E569868-7EB3-46A1-8628-48F5CBB633D0}.Debug|x86.Build.0 = Debug|Any CPU
		{8E569868-7EB3-46A1-8628-48F5CBB633D0}.Release|Any CPU.ActiveCfg = Release|Any CPU
		{8E569868-7EB3-46A1-8628-48F5CBB633D0}.Release|Any CPU.Build.0 = Release|Any CPU
		{8E569868-7EB3-46A1-8628-48F5CBB633D0}.Release|x64.ActiveCfg = Release|Any CPU
		{8E569868-7EB3-46A1-8628-48F5CBB633D0}.Release|x64.Build.0 = Release|Any CPU
		{8E569868-7EB3-46A1-8628-48F5CBB633D0}.Release|x86.ActiveCfg = Release|Any CPU
		{8E569868-7EB3-46A1-8628-48F5CBB633D0}.Release|x86.Build.0 = Release|Any CPU
		{80FA76ED-25D5-4FC1-9DF8-0BF93CC9241D}.Debug|Any CPU.ActiveCfg = Debug|Any CPU
		{80FA76ED-25D5-4FC1-9DF8-0BF93CC9241D}.Debug|Any CPU.Build.0 = Debug|Any CPU
		{80FA76ED-25D5-4FC1-9DF8-0BF93CC9241D}.Debug|x64.ActiveCfg = Debug|Any CPU
		{80FA76ED-25D5-4FC1-9DF8-0BF93CC9241D}.Debug|x64.Build.0 = Debug|Any CPU
		{80FA76ED-25D5-4FC1-9DF8-0BF93CC9241D}.Debug|x86.ActiveCfg = Debug|Any CPU
		{80FA76ED-25D5-4FC1-9DF8-0BF93CC9241D}.Debug|x86.Build.0 = Debug|Any CPU
		{80FA76ED-25D5-4FC1-9DF8-0BF93CC9241D}.Release|Any CPU.ActiveCfg = Release|Any CPU
		{80FA76ED-25D5-4FC1-9DF8-0BF93CC9241D}.Release|Any CPU.Build.0 = Release|Any CPU
		{80FA76ED-25D5-4FC1-9DF8-0BF93CC9241D}.Release|x64.ActiveCfg = Release|Any CPU
		{80FA76ED-25D5-4FC1-9DF8-0BF93CC9241D}.Release|x64.Build.0 = Release|Any CPU
		{80FA76ED-25D5-4FC1-9DF8-0BF93CC9241D}.Release|x86.ActiveCfg = Release|Any CPU
		{80FA76ED-25D5-4FC1-9DF8-0BF93CC9241D}.Release|x86.Build.0 = Release|Any CPU
		{FAF2AD2E-52F8-462C-AE77-06419D954419}.Debug|Any CPU.ActiveCfg = Debug|Any CPU
		{FAF2AD2E-52F8-462C-AE77-06419D954419}.Debug|Any CPU.Build.0 = Debug|Any CPU
		{FAF2AD2E-52F8-462C-AE77-06419D954419}.Debug|x64.ActiveCfg = Debug|Any CPU
		{FAF2AD2E-52F8-462C-AE77-06419D954419}.Debug|x64.Build.0 = Debug|Any CPU
		{FAF2AD2E-52F8-462C-AE77-06419D954419}.Debug|x86.ActiveCfg = Debug|Any CPU
		{FAF2AD2E-52F8-462C-AE77-06419D954419}.Debug|x86.Build.0 = Debug|Any CPU
		{FAF2AD2E-52F8-462C-AE77-06419D954419}.Release|Any CPU.ActiveCfg = Release|Any CPU
		{FAF2AD2E-52F8-462C-AE77-06419D954419}.Release|Any CPU.Build.0 = Release|Any CPU
		{FAF2AD2E-52F8-462C-AE77-06419D954419}.Release|x64.ActiveCfg = Release|Any CPU
		{FAF2AD2E-52F8-462C-AE77-06419D954419}.Release|x64.Build.0 = Release|Any CPU
		{FAF2AD2E-52F8-462C-AE77-06419D954419}.Release|x86.ActiveCfg = Release|Any CPU
		{FAF2AD2E-52F8-462C-AE77-06419D954419}.Release|x86.Build.0 = Release|Any CPU
		{835053F5-D2E4-4997-85E4-5091F2698128}.Debug|Any CPU.ActiveCfg = Debug|Any CPU
		{835053F5-D2E4-4997-85E4-5091F2698128}.Debug|Any CPU.Build.0 = Debug|Any CPU
		{835053F5-D2E4-4997-85E4-5091F2698128}.Debug|x64.ActiveCfg = Debug|Any CPU
		{835053F5-D2E4-4997-85E4-5091F2698128}.Debug|x64.Build.0 = Debug|Any CPU
		{835053F5-D2E4-4997-85E4-5091F2698128}.Debug|x86.ActiveCfg = Debug|Any CPU
		{835053F5-D2E4-4997-85E4-5091F2698128}.Debug|x86.Build.0 = Debug|Any CPU
		{835053F5-D2E4-4997-85E4-5091F2698128}.Release|Any CPU.ActiveCfg = Release|Any CPU
		{835053F5-D2E4-4997-85E4-5091F2698128}.Release|Any CPU.Build.0 = Release|Any CPU
		{835053F5-D2E4-4997-85E4-5091F2698128}.Release|x64.ActiveCfg = Release|Any CPU
		{835053F5-D2E4-4997-85E4-5091F2698128}.Release|x64.Build.0 = Release|Any CPU
		{835053F5-D2E4-4997-85E4-5091F2698128}.Release|x86.ActiveCfg = Release|Any CPU
		{835053F5-D2E4-4997-85E4-5091F2698128}.Release|x86.Build.0 = Release|Any CPU
	EndGlobalSection
EndGlobal
